
Microsoft Visual Studio Solution File, Format Version 12.00
# Visual Studio Version 17
VisualStudioVersion = 17.4.33110.190
MinimumVisualStudioVersion = 10.0.40219.1
Project("{FAE04EC0-301F-11D3-BF4B-00C04F79EFBC}") = "MvcRecapApp", "MvcRecapApp\MvcRecapApp.csproj", "{C7CA9BC2-E3DE-40C4-9B54-D0A3B033C39B}"
EndProject
Global
	GlobalSection(SolutionConfigurationPlatforms) = preSolution
		Debug|Any CPU = Debug|Any CPU
		Release|Any CPU = Release|Any CPU
	EndGlobalSection
	GlobalSection(ProjectConfigurationPlatforms) = postSolution
		{C7CA9BC2-E3DE-40C4-9B54-D0A3B033C39B}.Debug|Any CPU.ActiveCfg = Debug|Any CPU
		{C7CA9BC2-E3DE-40C4-9B54-D0A3B033C39B}.Debug|Any CPU.Build.0 = Debug|Any CPU
		{C7CA9BC2-E3DE-40C4-9B54-D0A3B033C39B}.Release|Any CPU.ActiveCfg = Release|Any CPU
		{C7CA9BC2-E3DE-40C4-9B54-D0A3B033C39B}.Release|Any CPU.Build.0 = Release|Any CPU
	EndGlobalSection
	GlobalSection(SolutionProperties) = preSolution
		HideSolutionNode = FALSE
	EndGlobalSection
	GlobalSection(ExtensibilityGlobals) = postSolution
		SolutionGuid = {530D3173-09EE-4148-B231-F312D48F199D}
	EndGlobalSection
EndGlobal
